
Microsoft Visual Studio Solution File, Format Version 12.00
# Visual Studio Version 16
VisualStudioVersion = 16.0.29001.49
MinimumVisualStudioVersion = 10.0.40219.1
Project("{FAE04EC0-301F-11D3-BF4B-00C04F79EFBC}") = "MisskeyCS", "MisskeyCS\MisskeyCS.csproj", "{1DDA2817-08D9-4996-83F8-6413628A0DBE}"
EndProject
Project("{FAE04EC0-301F-11D3-BF4B-00C04F79EFBC}") = "MisskeyCSTest", "MisskeyCSTest\MisskeyCSTest.csproj", "{D74C39DD-FE7D-4D46-927B-ECBE6157975A}"
EndProject
Global
	GlobalSection(SolutionConfigurationPlatforms) = preSolution
		Debug|Any CPU = Debug|Any CPU
		Release|Any CPU = Release|Any CPU
	EndGlobalSection
	GlobalSection(ProjectConfigurationPlatforms) = postSolution
		{1DDA2817-08D9-4996-83F8-6413628A0DBE}.Debug|Any CPU.ActiveCfg = Debug|Any CPU
		{1DDA2817-08D9-4996-83F8-6413628A0DBE}.Debug|Any CPU.Build.0 = Debug|Any CPU
		{1DDA2817-08D9-4996-83F8-6413628A0DBE}.Release|Any CPU.ActiveCfg = Release|Any CPU
		{1DDA2817-08D9-4996-83F8-6413628A0DBE}.Release|Any CPU.Build.0 = Release|Any CPU
		{D74C39DD-FE7D-4D46-927B-ECBE6157975A}.Debug|Any CPU.ActiveCfg = Debug|Any CPU
		{D74C39DD-FE7D-4D46-927B-ECBE6157975A}.Debug|Any CPU.Build.0 = Debug|Any CPU
		{D74C39DD-FE7D-4D46-927B-ECBE6157975A}.Release|Any CPU.ActiveCfg = Release|Any CPU
		{D74C39DD-FE7D-4D46-927B-ECBE6157975A}.Release|Any CPU.Build.0 = Release|Any CPU
	EndGlobalSection
	GlobalSection(SolutionProperties) = preSolution
		HideSolutionNode = FALSE
	EndGlobalSection
	GlobalSection(ExtensibilityGlobals) = postSolution
		SolutionGuid = {B2547314-B446-49E3-876C-DD4A79288244}
	EndGlobalSection
EndGlobal
